
Microsoft Visual Studio Solution File, Format Version 12.00
# Visual Studio Version 16
VisualStudioVersion = 16.0.30011.22
MinimumVisualStudioVersion = 10.0.40219.1
Project("{9A19103F-16F7-4668-BE54-9A1E7A4F7556}") = "MedioClinic", "MedioClinic\MedioClinic.csproj", "{65CD7D62-F679-473A-9F6C-6203DF27C5E6}"
EndProject
Project("{9A19103F-16F7-4668-BE54-9A1E7A4F7556}") = "XperienceAdapter", "XperienceAdapter\XperienceAdapter.csproj", "{1EB9784F-E309-4EC0-B3EB-3743FEA0F76E}"
EndProject
Project("{9A19103F-16F7-4668-BE54-9A1E7A4F7556}") = "Business", "Business\Business.csproj", "{474489E6-DBF2-4940-9348-46A989F881F5}"
EndProject
Project("{9A19103F-16F7-4668-BE54-9A1E7A4F7556}") = "Abstractions", "Abstractions\Abstractions.csproj", "{DB347D2D-2A49-4B1A-80B0-D534BBB86C30}"
EndProject
Project("{9A19103F-16F7-4668-BE54-9A1E7A4F7556}") = "MedioClinic.Tests", "MedioClinic.Tests\MedioClinic.Tests.csproj", "{CF7BC07E-7ADD-47FB-971E-4C4B5FC87B99}"
EndProject
Project("{9A19103F-16F7-4668-BE54-9A1E7A4F7556}") = "XperienceAdapter.Tests", "XperienceAdapter.Tests\XperienceAdapter.Tests.csproj", "{F32F3B34-DE4D-4A5F-83BF-5AE5DE60A160}"
EndProject
Project("{9A19103F-16F7-4668-BE54-9A1E7A4F7556}") = "Business.Tests", "Business.Tests\Business.Tests.csproj", "{9B70651C-186F-4605-8C0A-BAF256883A72}"
EndProject
Project("{FAE04EC0-301F-11D3-BF4B-00C04F79EFBC}") = "Identity", "Identity\Identity.csproj", "{14CB9B69-98B4-4CE7-BF31-2F2BF35E3040}"
EndProject
Global
	GlobalSection(SolutionConfigurationPlatforms) = preSolution
		Debug|Any CPU = Debug|Any CPU
		Release|Any CPU = Release|Any CPU
	EndGlobalSection
	GlobalSection(ProjectConfigurationPlatforms) = postSolution
		{65CD7D62-F679-473A-9F6C-6203DF27C5E6}.Debug|Any CPU.ActiveCfg = Debug|Any CPU
		{65CD7D62-F679-473A-9F6C-6203DF27C5E6}.Debug|Any CPU.Build.0 = Debug|Any CPU
		{65CD7D62-F679-473A-9F6C-6203DF27C5E6}.Release|Any CPU.ActiveCfg = Release|Any CPU
		{65CD7D62-F679-473A-9F6C-6203DF27C5E6}.Release|Any CPU.Build.0 = Release|Any CPU
		{1EB9784F-E309-4EC0-B3EB-3743FEA0F76E}.Debug|Any CPU.ActiveCfg = Debug|Any CPU
		{1EB9784F-E309-4EC0-B3EB-3743FEA0F76E}.Debug|Any CPU.Build.0 = Debug|Any CPU
		{1EB9784F-E309-4EC0-B3EB-3743FEA0F76E}.Release|Any CPU.ActiveCfg = Release|Any CPU
		{1EB9784F-E309-4EC0-B3EB-3743FEA0F76E}.Release|Any CPU.Build.0 = Release|Any CPU
		{474489E6-DBF2-4940-9348-46A989F881F5}.Debug|Any CPU.ActiveCfg = Debug|Any CPU
		{474489E6-DBF2-4940-9348-46A989F881F5}.Debug|Any CPU.Build.0 = Debug|Any CPU
		{474489E6-DBF2-4940-9348-46A989F881F5}.Release|Any CPU.ActiveCfg = Release|Any CPU
		{474489E6-DBF2-4940-9348-46A989F881F5}.Release|Any CPU.Build.0 = Release|Any CPU
		{DB347D2D-2A49-4B1A-80B0-D534BBB86C30}.Debug|Any CPU.ActiveCfg = Debug|Any CPU
		{DB347D2D-2A49-4B1A-80B0-D534BBB86C30}.Debug|Any CPU.Build.0 = Debug|Any CPU
		{DB347D2D-2A49-4B1A-80B0-D534BBB86C30}.Release|Any CPU.ActiveCfg = Release|Any CPU
		{DB347D2D-2A49-4B1A-80B0-D534BBB86C30}.Release|Any CPU.Build.0 = Release|Any CPU
		{CF7BC07E-7ADD-47FB-971E-4C4B5FC87B99}.Debug|Any CPU.ActiveCfg = Debug|Any CPU
		{CF7BC07E-7ADD-47FB-971E-4C4B5FC87B99}.Debug|Any CPU.Build.0 = Debug|Any CPU
		{CF7BC07E-7ADD-47FB-971E-4C4B5FC87B99}.Release|Any CPU.ActiveCfg = Release|Any CPU
		{CF7BC07E-7ADD-47FB-971E-4C4B5FC87B99}.Release|Any CPU.Build.0 = Release|Any CPU
		{F32F3B34-DE4D-4A5F-83BF-5AE5DE60A160}.Debug|Any CPU.ActiveCfg = Debug|Any CPU
		{F32F3B34-DE4D-4A5F-83BF-5AE5DE60A160}.Debug|Any CPU.Build.0 = Debug|Any CPU
		{F32F3B34-DE4D-4A5F-83BF-5AE5DE60A160}.Release|Any CPU.ActiveCfg = Release|Any CPU
		{F32F3B34-DE4D-4A5F-83BF-5AE5DE60A160}.Release|Any CPU.Build.0 = Release|Any CPU
		{9B70651C-186F-4605-8C0A-BAF256883A72}.Debug|Any CPU.ActiveCfg = Debug|Any CPU
		{9B70651C-186F-4605-8C0A-BAF256883A72}.Debug|Any CPU.Build.0 = Debug|Any CPU
		{9B70651C-186F-4605-8C0A-BAF256883A72}.Release|Any CPU.ActiveCfg = Release|Any CPU
		{9B70651C-186F-4605-8C0A-BAF256883A72}.Release|Any CPU.Build.0 = Release|Any CPU
		{14CB9B69-98B4-4CE7-BF31-2F2BF35E3040}.Debug|Any CPU.ActiveCfg = Debug|Any CPU
		{14CB9B69-98B4-4CE7-BF31-2F2BF35E3040}.Debug|Any CPU.Build.0 = Debug|Any CPU
		{14CB9B69-98B4-4CE7-BF31-2F2BF35E3040}.Release|Any CPU.ActiveCfg = Release|Any CPU
		{14CB9B69-98B4-4CE7-BF31-2F2BF35E3040}.Release|Any CPU.Build.0 = Release|Any CPU
	EndGlobalSection
	GlobalSection(SolutionProperties) = preSolution
		HideSolutionNode = FALSE
	EndGlobalSection
	GlobalSection(ExtensibilityGlobals) = postSolution
		SolutionGuid = {E81462CC-03D5-45B0-9809-1656A1AED400}
	EndGlobalSection
EndGlobal
