Microsoft Visual Studio Solution File, Format Version 12.00
# Visual Studio Version 16
VisualStudioVersion = 16.0.31829.152
MinimumVisualStudioVersion = 10.0.40219.1
Project("{FAE04EC0-301F-11D3-BF4B-00C04F79EFBC}") = "CMSApp", "CMS\CMSApp.csproj", "{BB8817AE-48DF-4672-A1CB-CFB7441B88DA}"
EndProject
Project("{FAE04EC0-301F-11D3-BF4B-00C04F79EFBC}") = "MedioClinicCustomizations", "MedioClinicCustomizations\MedioClinicCustomizations.csproj", "{C347DD29-53D5-4B99-A2F0-4517173CE9B2}"
EndProject
Global
	GlobalSection(SolutionConfigurationPlatforms) = preSolution
		Debug|Any CPU = Debug|Any CPU
		Release|Any CPU = Release|Any CPU
	EndGlobalSection
	GlobalSection(ProjectConfigurationPlatforms) = postSolution
		{BB8817AE-48DF-4672-A1CB-CFB7441B88DA}.Debug|Any CPU.ActiveCfg = Debug|Any CPU
		{BB8817AE-48DF-4672-A1CB-CFB7441B88DA}.Debug|Any CPU.Build.0 = Debug|Any CPU
		{BB8817AE-48DF-4672-A1CB-CFB7441B88DA}.Release|Any CPU.ActiveCfg = Release|Any CPU
		{BB8817AE-48DF-4672-A1CB-CFB7441B88DA}.Release|Any CPU.Build.0 = Release|Any CPU
		{C347DD29-53D5-4B99-A2F0-4517173CE9B2}.Debug|Any CPU.ActiveCfg = Debug|Any CPU
		{C347DD29-53D5-4B99-A2F0-4517173CE9B2}.Debug|Any CPU.Build.0 = Debug|Any CPU
		{C347DD29-53D5-4B99-A2F0-4517173CE9B2}.Release|Any CPU.ActiveCfg = Release|Any CPU
		{C347DD29-53D5-4B99-A2F0-4517173CE9B2}.Release|Any CPU.Build.0 = Release|Any CPU
	EndGlobalSection
	GlobalSection(SolutionProperties) = preSolution
		HideSolutionNode = FALSE
	EndGlobalSection
	GlobalSection(ExtensibilityGlobals) = postSolution
		SolutionGuid = {5ADB1257-83AC-44A9-B39D-500394440583}
	EndGlobalSection
EndGlobal
